{
  "name": "codemaintainer-php83-fixture",
  "lockfileVersion": 3,
  "requires": true,
  "packages": {
    "": {
      "name": "codemaintainer-php83-fixture",
      "devDependencies": {
        "@tailwindcss/vite": "4.1.11",
        "tailwindcss": "4.1.11",
        "vite": "7.0.6"
      }
    }
  }
}
